
Microsoft Visual Studio Solution File, Format Version 12.00
# Visual Studio Version 17
VisualStudioVersion = 17.5.33530.505
MinimumVisualStudioVersion = 10.0.40219.1
Project("{888888A0-9F3D-457C-B088-3A5042F75D52}") = "RocketFlight", "RocketFlight\RocketFlight.pyproj", "{516775EE-C779-4680-A23D-BA235269E213}"
EndProject
Global
	GlobalSection(SolutionConfigurationPlatforms) = preSolution
		Debug|Any CPU = Debug|Any CPU
		Release|Any CPU = Release|Any CPU
	EndGlobalSection
	GlobalSection(ProjectConfigurationPlatforms) = postSolution
		{516775EE-C779-4680-A23D-BA235269E213}.Debug|Any CPU.ActiveCfg = Debug|Any CPU
		{516775EE-C779-4680-A23D-BA235269E213}.Release|Any CPU.ActiveCfg = Release|Any CPU
	EndGlobalSection
	GlobalSection(SolutionProperties) = preSolution
		HideSolutionNode = FALSE
	EndGlobalSection
	GlobalSection(ExtensibilityGlobals) = postSolution
		SolutionGuid = {FCD40925-2903-4679-A179-B45C97361B83}
	EndGlobalSection
EndGlobal
